[{<<"certifi">>,{pkg,<<"certifi">>,<<"0.4.0">>},1},
 {<<"cowboy">>,{pkg,<<"cowboy">>,<<"1.0.4">>},1},
 {<<"cowboy_swagger">>,{pkg,<<"cowboy_swagger">>,<<"1.1.0">>},1},
 {<<"cowlib">>,{pkg,<<"cowlib">>,<<"1.0.2">>},2},
 {<<"egithub">>,{pkg,<<"egithub">>,<<"0.2.8">>},0},
 {<<"goldrush">>,{pkg,<<"goldrush">>,<<"0.1.8">>},1},
 {<<"hackney">>,{pkg,<<"hackney">>,<<"1.6.1">>},0},
 {<<"idna">>,{pkg,<<"idna">>,<<"1.2.0">>},1},
 {<<"iso8601">>,{pkg,<<"inaka_iso8601">>,<<"1.1.2">>},1},
 {<<"jiffy">>,{pkg,<<"jiffy">>,<<"0.14.7">>},0},
 {<<"lager">>,{pkg,<<"lager">>,<<"3.2.1">>},0},
 {<<"metrics">>,{pkg,<<"metrics">>,<<"1.0.1">>},1},
 {<<"mimerl">>,{pkg,<<"mimerl">>,<<"1.0.2">>},1},
 {<<"mixer">>,{pkg,<<"inaka_mixer">>,<<"0.1.5">>},0},
 {<<"quickrand">>,{pkg,<<"quickrand">>,<<"1.5.3">>},1},
 {<<"ranch">>,{pkg,<<"ranch">>,<<"1.2.1">>},2},
 {<<"sheldon">>,
  {git,"https://github.com/inaka/sheldon.git",
       {ref,"6964d35284760b99eff6da4a7fbafabe42d510ff"}},
  0},
 {<<"ssl_verify_fun">>,{pkg,<<"ssl_verify_fun">>,<<"1.1.0">>},1},
 {<<"sumo_db">>,{pkg,<<"sumo_db">>,<<"0.6.1">>},0},
 {<<"sumo_rest">>,
  {git,"https://github.com/inaka/sumo_rest.git",
       {ref,"ac4a75ce315fb6d288852cbdc0396eaf87cb18fd"}},
  0},
 {<<"trails">>,{pkg,<<"trails">>,<<"0.2.0">>},1},
 {<<"uuid">>,{pkg,<<"uuid_erl">>,<<"1.5.2">>},0},
 {<<"worker_pool">>,{pkg,<<"worker_pool">>,<<"2.0.1">>},1}].
