[{<<"certifi">>,{pkg,<<"certifi">>,<<"0.4.0">>},1},
 {<<"cowboy">>,{pkg,<<"cowboy">>,<<"1.0.4">>},1},
 {<<"cowboy_swagger">>,
  {git,"https://github.com/inaka/cowboy-swagger.git",
       {ref,"3abd60ce4337bf894a60065207d93845c8ce23c7"}},
  1},
 {<<"cowlib">>,{pkg,<<"cowlib">>,<<"1.0.2">>},2},
 {<<"egithub">>,{pkg,<<"egithub">>,<<"0.2.8">>},0},
 {<<"goldrush">>,{pkg,<<"goldrush">>,<<"0.1.8">>},1},
 {<<"hackney">>,{pkg,<<"hackney">>,<<"1.6.1">>},0},
 {<<"idna">>,{pkg,<<"idna">>,<<"1.2.0">>},1},
 {<<"iso8601">>,
  {git,"https://github.com/kivra/erlang_iso8601.git",
       {ref,"b5d1d6e9c062cd214392592d16859ce0bd484189"}},
  1},
 {<<"jiffy">>,{pkg,<<"jiffy">>,<<"0.14.7">>},0},
 {<<"lager">>,{pkg,<<"lager">>,<<"3.2.1">>},0},
 {<<"metrics">>,{pkg,<<"metrics">>,<<"1.0.1">>},1},
 {<<"mimerl">>,{pkg,<<"mimerl">>,<<"1.0.2">>},1},
 {<<"mixer">>,
  {git,"https://github.com/inaka/mixer.git",
       {ref,"793c5567ad51a2f924ee45797f4c8192689e7c18"}},
  1},
 {<<"quickrand">>,{pkg,<<"quickrand">>,<<"1.5.2">>},1},
 {<<"ranch">>,{pkg,<<"ranch">>,<<"1.2.1">>},2},
 {<<"ssl_verify_fun">>,{pkg,<<"ssl_verify_fun">>,<<"1.1.0">>},1},
 {<<"sumo_db">>,{pkg,<<"sumo_db">>,<<"0.6.1">>},0},
 {<<"sumo_rest">>,
  {git,"https://github.com/inaka/sumo_rest.git",
       {ref,"3566255506c0b617a854c2cc058379996f5a76fc"}},
  0},
 {<<"trails">>,
  {git,"https://github.com/inaka/cowboy-trails.git",
       {ref,"bc928480c2ec4900aa47e36e0eff713a79079159"}},
  1},
 {<<"uuid">>,{pkg,<<"uuid_erl">>,<<"1.5.2">>},0},
 {<<"worker_pool">>,{pkg,<<"worker_pool">>,<<"2.0.1">>},1}].
